
Microsoft Visual Studio Solution File, Format Version 12.00
# Visual Studio 15
VisualStudioVersion = 15.0.28307.645
MinimumVisualStudioVersion = 10.0.40219.1
Project("{FAE04EC0-301F-11D3-BF4B-00C04F79EFBC}") = "CandidateTest.Threads", "CandidateTest.Threads\CandidateTest.Threads.csproj", "{73832B2C-F852-44AD-A631-92D13670A2AB}"
EndProject
Global
	GlobalSection(SolutionConfigurationPlatforms) = preSolution
		Debug|Any CPU = Debug|Any CPU
		Release|Any CPU = Release|Any CPU
	EndGlobalSection
	GlobalSection(ProjectConfigurationPlatforms) = postSolution
		{73832B2C-F852-44AD-A631-92D13670A2AB}.Debug|Any CPU.ActiveCfg = Debug|Any CPU
		{73832B2C-F852-44AD-A631-92D13670A2AB}.Debug|Any CPU.Build.0 = Debug|Any CPU
		{73832B2C-F852-44AD-A631-92D13670A2AB}.Release|Any CPU.ActiveCfg = Release|Any CPU
		{73832B2C-F852-44AD-A631-92D13670A2AB}.Release|Any CPU.Build.0 = Release|Any CPU
	EndGlobalSection
	GlobalSection(SolutionProperties) = preSolution
		HideSolutionNode = FALSE
	EndGlobalSection
	GlobalSection(ExtensibilityGlobals) = postSolution
		SolutionGuid = {57CCA036-0133-493A-9B79-435BB489BCC0}
	EndGlobalSection
EndGlobal
